<?xml version="1.0" encoding="utf-8"?>
<Project ToolsVersion="4.0" xmlns="http://schemas.microsoft.com/developer/msbuild/2003">
  <ItemGroup>
    <Filter Include="Source Files">
      <UniqueIdentifier>{4FC737F1-C7A5-4376-A066-2A32D752A2FF}</UniqueIdentifier>
      <Extensions>cpp;c;cc;cxx;def;odl;idl;hpj;bat;asm;asmx</Extensions>
    </Filter>
    <Filter Include="Header Files">
      <UniqueIdentifier>{93995380-89BD-4b04-88EB-625FBE52EBFB}</UniqueIdentifier>
      <Extensions>h;hh;hpp;hxx;hm;inl;inc;xsd</Extensions>
    </Filter>
    <Filter Include="Resource Files">
      <UniqueIdentifier>{67DA6AB6-F800-4c08-8B7A-83BB121AAD01}</UniqueIdentifier>
      <Extensions>rc;ico;cur;bmp;dlg;rc2;rct;bin;rgs;gif;jpg;jpeg;jpe;resx;tiff;tif;png;wav</Extensions>
    </Filter>
  </ItemGroup>
  <ItemGroup>
    <ClCompile Include="GBA-emulator\GBAcpu.cpp">
      <Filter>Source Files</Filter>
    </ClCompile>
    <ClCompile Include="GBA-emulator\Arm\ARMOpcodes.cpp">
      <Filter>Source Files</Filter>
    </ClCompile>
    <ClCompile Include="GBA-emulator\CommonOperations\arithmeticOps.cpp">
      <Filter>Source Files</Filter>
    </ClCompile>
    <ClCompile Include="GBA-emulator\CommonOperations\conditions.cpp">
      <Filter>Source Files</Filter>
    </ClCompile>
    <ClCompile Include="GBA-emulator\CommonOperations\logicalOps.cpp">
      <Filter>Source Files</Filter>
    </ClCompile>
    <ClCompile Include="GBA-emulator\cplusplusRewrite\barrelShifter.cpp">
      <Filter>Source Files</Filter>
    </ClCompile>
    <ClCompile Include="GBA-emulator\cplusplusRewrite\BarrelShifterDecoder.cpp">
      <Filter>Source Files</Filter>
    </ClCompile>
    <ClCompile Include="GBA-emulator\cplusplusRewrite\dataProcessingOp.cpp">
      <Filter>Source Files</Filter>
    </ClCompile>
    <ClCompile Include="GBA-emulator\cplusplusRewrite\LogicOps.cpp">
      <Filter>Source Files</Filter>
    </ClCompile>
    <ClCompile Include="GBA-emulator\cplusplusRewrite\MathOps.cpp">
      <Filter>Source Files</Filter>
    </ClCompile>
    <ClCompile Include="GBA-emulator\cplusplusRewrite\Shifts.cpp">
      <Filter>Source Files</Filter>
    </ClCompile>
    <ClCompile Include="GBA-emulator\Display\Display.cpp">
      <Filter>Source Files</Filter>
    </ClCompile>
    <ClCompile Include="GBA-emulator\DMA\DMA.cpp">
      <Filter>Source Files</Filter>
    </ClCompile>
    <ClCompile Include="GBA-emulator\Interrupt\Interrupt.cpp">
      <Filter>Source Files</Filter>
    </ClCompile>
    <ClCompile Include="GBA-emulator\Memory\memoryMappedIO.cpp">
      <Filter>Source Files</Filter>
    </ClCompile>
    <ClCompile Include="GBA-emulator\Memory\MemoryOps.cpp">
      <Filter>Source Files</Filter>
    </ClCompile>
    <ClCompile Include="GBA-emulator\Thumb\ThumbOpCodes.cpp">
      <Filter>Source Files</Filter>
    </ClCompile>
    <ClCompile Include="GBA-emulator\Timer\timers.cpp">
      <Filter>Source Files</Filter>
    </ClCompile>
    <ClCompile Include="GBA-emulator\cplusplusRewrite\Operation.cpp">
      <Filter>Source Files</Filter>
    </ClCompile>
    <ClCompile Include="GBA-emulator\Display\Palette\RgbaPalette.cpp">
      <Filter>Source Files</Filter>
    </ClCompile>
    <ClCompile Include="GBA-emulator\Display\Tile\Tile.cpp">
      <Filter>Source Files</Filter>
    </ClCompile>
    <ClCompile Include="GBA-emulator\Display\Tile\Tileset.cpp">
      <Filter>Source Files</Filter>
    </ClCompile>
    <ClCompile Include="GBA-emulator\Display\Rendermodes\RenderMode3.cpp">
      <Filter>Source Files</Filter>
    </ClCompile>
    <ClCompile Include="GBA-emulator\Display\Rendermodes\TextMode.cpp">
      <Filter>Source Files</Filter>
    </ClCompile>
    <ClCompile Include="GBA-emulator\Display\Rendermodes\RenderMode4.cpp">
      <Filter>Source Files</Filter>
    </ClCompile>
    <ClCompile Include="GBA-emulator\Display\Rendermodes\RenderMode5.cpp">
      <Filter>Source Files</Filter>
    </ClCompile>
    <ClCompile Include="GBA-emulator\Display\Sprites\SpriteGenerator.cpp">
      <Filter>Source Files</Filter>
    </ClCompile>
    <ClCompile Include="GBA-emulator\Display\Sprites\Sprite.cpp">
      <Filter>Source Files</Filter>
    </ClCompile>
    <ClCompile Include="GBA-emulator\Display\MemoryViewer.cpp">
      <Filter>Source Files</Filter>
    </ClCompile>
    <ClCompile Include="GBA-emulator\Display\VideoCycleCounter.cpp">
      <Filter>Source Files</Filter>
    </ClCompile>
  </ItemGroup>
  <ItemGroup>
    <ClInclude Include="GBA-emulator\Include\Constants.h">
      <Filter>Header Files</Filter>
    </ClInclude>
    <ClInclude Include="GBA-emulator\Include\GBAcpu.h">
      <Filter>Header Files</Filter>
    </ClInclude>
    <ClInclude Include="GBA-emulator\Include\Arm\armopcodes.h">
      <Filter>Header Files</Filter>
    </ClInclude>
    <ClInclude Include="GBA-emulator\Include\CommonOperations\arithmeticOps.h">
      <Filter>Header Files</Filter>
    </ClInclude>
    <ClInclude Include="GBA-emulator\Include\CommonOperations\conditions.h">
      <Filter>Header Files</Filter>
    </ClInclude>
    <ClInclude Include="GBA-emulator\Include\CommonOperations\logicalOps.h">
      <Filter>Header Files</Filter>
    </ClInclude>
    <ClInclude Include="GBA-emulator\cplusplusRewrite\barrelShifter.h">
      <Filter>Header Files</Filter>
    </ClInclude>
    <ClInclude Include="GBA-emulator\cplusplusRewrite\BarrelShifterDecoder.h">
      <Filter>Header Files</Filter>
    </ClInclude>
    <ClInclude Include="GBA-emulator\cplusplusRewrite\dataProcessingOp.h">
      <Filter>Header Files</Filter>
    </ClInclude>
    <ClInclude Include="GBA-emulator\cplusplusRewrite\LogicOps.h">
      <Filter>Header Files</Filter>
    </ClInclude>
    <ClInclude Include="GBA-emulator\cplusplusRewrite\MathOps.h">
      <Filter>Header Files</Filter>
    </ClInclude>
    <ClInclude Include="GBA-emulator\cplusplusRewrite\Shifts.h">
      <Filter>Header Files</Filter>
    </ClInclude>
    <ClInclude Include="GBA-emulator\Include\DMA\DMA.h">
      <Filter>Header Files</Filter>
    </ClInclude>
    <ClInclude Include="GBA-emulator\Include\Interrupt\interrupt.h">
      <Filter>Header Files</Filter>
    </ClInclude>
    <ClInclude Include="GBA-emulator\Include\Memory\memoryMappedIO.h">
      <Filter>Header Files</Filter>
    </ClInclude>
    <ClInclude Include="GBA-emulator\Include\Memory\memoryOps.h">
      <Filter>Header Files</Filter>
    </ClInclude>
    <ClInclude Include="GBA-emulator\Include\Thumb\ThumbOpCodes.h">
      <Filter>Header Files</Filter>
    </ClInclude>
    <ClInclude Include="GBA-emulator\cplusplusRewrite\operation.h">
      <Filter>Header Files</Filter>
    </ClInclude>
    <ClInclude Include="GBA-emulator\Include\Arm\ArmOpcodes\SingleDataTransfer.hpp">
      <Filter>Header Files</Filter>
    </ClInclude>
    <ClInclude Include="GBA-emulator\Display\Rendermodes\RenderMode3.h">
      <Filter>Header Files</Filter>
    </ClInclude>
    <ClInclude Include="GBA-emulator\Display\Rendermodes\TextMode.h">
      <Filter>Header Files</Filter>
    </ClInclude>
    <ClInclude Include="GBA-emulator\cplusplusRewrite\HwRegisters.h">
      <Filter>Header Files</Filter>
    </ClInclude>
    <ClInclude Include="GBA-emulator\cplusplusRewrite\tests\HwRegisterTests.h">
      <Filter>Header Files</Filter>
    </ClInclude>
    <ClInclude Include="GBA-emulator\cplusplusRewrite\tests\allTests.h">
      <Filter>Header Files</Filter>
    </ClInclude>
    <ClInclude Include="GBA-emulator\cplusplusRewrite\tests\dataProcessingTests.h">
      <Filter>Header Files</Filter>
    </ClInclude>
    <ClInclude Include="GBA-emulator\cplusplusRewrite\tests\shifterTests.h">
      <Filter>Header Files</Filter>
    </ClInclude>
    <ClInclude Include="GBA-emulator\cplusplusRewrite\Emulator.h">
      <Filter>Header Files</Filter>
    </ClInclude>
    <ClInclude Include="GBA-emulator\cplusplusRewrite\tests\testUtils.h">
      <Filter>Header Files</Filter>
    </ClInclude>
    <ClInclude Include="GBA-emulator\Display\Rendermodes\RenderMode4.h">
      <Filter>Header Files</Filter>
    </ClInclude>
    <ClInclude Include="GBA-emulator\Display\Rendermodes\RenderMode5.h">
      <Filter>Header Files</Filter>
    </ClInclude>
    <ClInclude Include="GBA-emulator\Include\Display\Display.h">
      <Filter>Header Files</Filter>
    </ClInclude>
    <ClInclude Include="GBA-emulator\Include\Gba-Graphics\Sprites\SpriteGenerator.h">
      <Filter>Header Files</Filter>
    </ClInclude>
    <ClInclude Include="GBA-emulator\Include\Gba-Graphics\Palette\RgbaPalette.h">
      <Filter>Header Files</Filter>
    </ClInclude>
    <ClInclude Include="GBA-emulator\Include\Timer\timers.h">
      <Filter>Header Files</Filter>
    </ClInclude>
    <ClInclude Include="GBA-emulator\Include\Gba-Graphics\Tile\Tile.h">
      <Filter>Header Files</Filter>
    </ClInclude>
    <ClInclude Include="GBA-emulator\Include\Gba-Graphics\Tile\Tileset.h">
      <Filter>Header Files</Filter>
    </ClInclude>
    <ClInclude Include="GBA-emulator\Include\Gba-Graphics\Sprites\Sprite.h">
      <Filter>Header Files</Filter>
    </ClInclude>
    <ClInclude Include="GBA-emulator\Include\Display\MemoryViewer.h">
      <Filter>Header Files</Filter>
    </ClInclude>
    <ClInclude Include="GBA-emulator\Include\Display\PaletteViewer.h">
      <Filter>Header Files</Filter>
    </ClInclude>
    <ClInclude Include="GBA-emulator\Include\Memory\MemoryAreas\PaletteRAM.h">
      <Filter>Header Files</Filter>
    </ClInclude>
    <ClInclude Include="GBA-emulator\Include\Memory\MemoryAreas\EWRAM.h">
      <Filter>Header Files</Filter>
    </ClInclude>
    <ClInclude Include="GBA-emulator\Include\Memory\MemoryAreas\IWRAM.h">
      <Filter>Header Files</Filter>
    </ClInclude>
    <ClInclude Include="GBA-emulator\Include\Memory\MemoryAreas\OAMRAM.h">
      <Filter>Header Files</Filter>
    </ClInclude>
    <ClInclude Include="GBA-emulator\Include\Memory\MemoryAreas\SRAM.h">
      <Filter>Header Files</Filter>
    </ClInclude>
    <ClInclude Include="GBA-emulator\Include\Memory\MemoryAreas\BIOS.h">
      <Filter>Header Files</Filter>
    </ClInclude>
    <ClInclude Include="GBA-emulator\Include\Memory\MemoryAreas\VRAM.h">
      <Filter>Header Files</Filter>
    </ClInclude>
    <ClInclude Include="GBA-emulator\Include\Gba-Graphics\Tile\TilesetMemoryObserver.h">
      <Filter>Header Files</Filter>
    </ClInclude>
    <ClInclude Include="GBA-emulator\Include\Arm\ArmOpcodes\SingleDataTransferImmediate.hpp">
      <Filter>Header Files</Filter>
    </ClInclude>
    <ClInclude Include="GBA-emulator\Include\Arm\ArmOpcodes\SingleDataTransferRegister.hpp">
      <Filter>Header Files</Filter>
    </ClInclude>
    <ClInclude Include="GBA-emulator\Include\Arm\ArmOpcodes\Branch.hpp">
      <Filter>Header Files</Filter>
    </ClInclude>
    <ClInclude Include="GBA-emulator\Include\Arm\ArmOpcodes\Multiply.hpp">
      <Filter>Header Files</Filter>
    </ClInclude>
    <ClInclude Include="GBA-emulator\Include\Thumb\ThumbOpcodes\AddSubstract.hpp">
      <Filter>Header Files</Filter>
    </ClInclude>
    <ClInclude Include="GBA-emulator\Include\Thumb\ThumbOpcodes\MoveShiftedRegister.hpp">
      <Filter>Header Files</Filter>
    </ClInclude>
    <ClInclude Include="GBA-emulator\Include\Thumb\ThumbOpcodes\MovCmpAddSubImm.hpp">
      <Filter>Header Files</Filter>
    </ClInclude>
  </ItemGroup>
  <ItemGroup>
    <None Include="GBA-emulator\TestBinaries\program2.bin">
      <Filter>Resource Files</Filter>
    </None>
    <None Include="GBA-emulator\TestBinaries\program3.bin">
      <Filter>Resource Files</Filter>
    </None>
    <None Include="GBA-emulator\TestBinaries\program4.bin">
      <Filter>Resource Files</Filter>
    </None>
    <None Include="GBA-emulator\TestBinaries\program5.bin">
      <Filter>Resource Files</Filter>
    </None>
    <None Include="ClassDiagram.cd" />
    <None Include="GBA-emulator\Include\Thumb\ThumbOpcodes\template_t.hp" />
  </ItemGroup>
</Project>